PODS:
  - esys_flutter_share (0.0.1):
    - Flutter
  - facebook_app_events (0.0.1):
    - FBSDKCoreKit (~> 5.0)
    - Flutter
  - FBSDKCoreKit (5.15.1):
    - FBSDKCoreKit/Basics (= 5.15.1)
    - FBSDKCoreKit/Core (= 5.15.1)
  - FBSDKCoreKit/Basics (5.15.1)
  - FBSDKCoreKit/Core (5.15.1):
    - FBSDKCoreKit/Basics
  - Firebase/AdMob (6.25.0):
    - Firebase/CoreOnly
    - Google-Mobile-Ads-SDK (~> 7.50)
  - Firebase/Core (6.25.0):
    - Firebase/CoreOnly
    - FirebaseAnalytics (= 6.5.1)
  - Firebase/CoreOnly (6.25.0):
    - FirebaseCore (= 6.7.1)
  - firebase_admob (0.0.1):
    - Firebase/AdMob
    - Firebase/Core
    - Flutter
  - firebase_core (0.0.1):
    - Firebase/Core
    - Flutter
  - FirebaseAnalytics (6.5.1):
    - FirebaseCore (~> 6.7)
    - FirebaseInstallations (~> 1.2)
    - GoogleAppMeasurement (= 6.5.1)
    - GoogleUtilities/AppDelegateSwizzler (~> 6.0)
    - GoogleUtilities/MethodSwizzler (~> 6.0)
    - GoogleUtilities/Network (~> 6.0)
    - "GoogleUtilities/NSData+zlib (~> 6.0)"
    - nanopb (~> 1.30905.0)
  - FirebaseCore (6.7.1):
    - FirebaseCoreDiagnostics (~> 1.3)
    - FirebaseCoreDiagnosticsInterop (~> 1.2)
    - GoogleUtilities/Environment (~> 6.5)
    - GoogleUtilities/Logger (~> 6.5)
  - FirebaseCoreDiagnostics (1.3.0):
    - FirebaseCoreDiagnosticsInterop (~> 1.2)
    - GoogleDataTransportCCTSupport (~> 3.1)
    - GoogleUtilities/Environment (~> 6.5)
    - GoogleUtilities/Logger (~> 6.5)
    - nanopb (~> 1.30905.0)
  - FirebaseCoreDiagnosticsInterop (1.2.0)
  - FirebaseInstallations (1.2.0):
    - FirebaseCore (~> 6.6)
    - GoogleUtilities/Environment (~> 6.6)
    - GoogleUtilities/UserDefaults (~> 6.6)
    - PromisesObjC (~> 1.2)
  - Flutter (1.0.0)
  - flutter_native_admob (0.0.1):
    - Flutter
    - Google-Mobile-Ads-SDK
    - PureLayout
  - fluttertoast (0.0.2):
    - Flutter
  - FMDB (2.7.5):
    - FMDB/standard (= 2.7.5)
  - FMDB/standard (2.7.5)
  - Google-Mobile-Ads-SDK (7.60.0):
    - GoogleAppMeasurement (~> 6.0)
  - GoogleAppMeasurement (6.5.1):
    - GoogleUtilities/AppDelegateSwizzler (~> 6.0)
    - GoogleUtilities/MethodSwizzler (~> 6.0)
    - GoogleUtilities/Network (~> 6.0)
    - "GoogleUtilities/NSData+zlib (~> 6.0)"
    - nanopb (~> 1.30905.0)
  - GoogleDataTransport (6.1.1)
  - GoogleDataTransportCCTSupport (3.1.0):
    - GoogleDataTransport (~> 6.1)
    - nanopb (~> 1.30905.0)
  - GoogleUtilities/AppDelegateSwizzler (6.6.0):
    - GoogleUtilities/Environment
    - GoogleUtilities/Logger
    - GoogleUtilities/Network
  - GoogleUtilities/Environment (6.6.0):
    - PromisesObjC (~> 1.2)
  - GoogleUtilities/Logger (6.6.0):
    - GoogleUtilities/Environment
  - GoogleUtilities/MethodSwizzler (6.6.0):
    - GoogleUtilities/Logger
  - GoogleUtilities/Network (6.6.0):
    - GoogleUtilities/Logger
    - "GoogleUtilities/NSData+zlib"
    - GoogleUtilities/Reachability
  - "GoogleUtilities/NSData+zlib (6.6.0)"
  - GoogleUtilities/Reachability (6.6.0):
    - GoogleUtilities/Logger
  - GoogleUtilities/UserDefaults (6.6.0):
    - GoogleUtilities/Logger
  - image_gallery_saver (1.5.0):
    - Flutter
  - image_picker (0.0.1):
    - Flutter
  - image_picker_saver (0.0.1):
    - Flutter
  - nanopb (1.30905.0):
    - nanopb/decode (= 1.30905.0)
    - nanopb/encode (= 1.30905.0)
  - nanopb/decode (1.30905.0)
  - nanopb/encode (1.30905.0)
  - path_provider (0.0.1):
    - Flutter
  - "permission_handler (5.0.1+1)":
    - Flutter
  - PromisesObjC (1.2.8)
  - PureLayout (3.1.6)
  - share (0.0.1):
    - Flutter
  - sqflite (0.0.1):
    - Flutter
    - FMDB (~> 2.7.2)
  - url_launcher (0.0.1):
    - Flutter

DEPENDENCIES:
  - esys_flutter_share (from `.symlinks/plugins/esys_flutter_share/ios`)
  - facebook_app_events (from `.symlinks/plugins/facebook_app_events/ios`)
  - firebase_admob (from `.symlinks/plugins/firebase_admob/ios`)
  - firebase_core (from `.symlinks/plugins/firebase_core/ios`)
  - Flutter (from `Flutter`)
  - flutter_native_admob (from `.symlinks/plugins/flutter_native_admob/ios`)
  - fluttertoast (from `.symlinks/plugins/fluttertoast/ios`)
  - image_gallery_saver (from `.symlinks/plugins/image_gallery_saver/ios`)
  - image_picker (from `.symlinks/plugins/image_picker/ios`)
  - image_picker_saver (from `.symlinks/plugins/image_picker_saver/ios`)
  - path_provider (from `.symlinks/plugins/path_provider/ios`)
  - permission_handler (from `.symlinks/plugins/permission_handler/ios`)
  - share (from `.symlinks/plugins/share/ios`)
  - sqflite (from `.symlinks/plugins/sqflite/ios`)
  - url_launcher (from `.symlinks/plugins/url_launcher/ios`)

SPEC REPOS:
  trunk:
    - FBSDKCoreKit
    - Firebase
    - FirebaseAnalytics
    - FirebaseCore
    - FirebaseCoreDiagnostics
    - FirebaseCoreDiagnosticsInterop
    - FirebaseInstallations
    - FMDB
    - Google-Mobile-Ads-SDK
    - GoogleAppMeasurement
    - GoogleDataTransport
    - GoogleDataTransportCCTSupport
    - GoogleUtilities
    - nanopb
    - PromisesObjC
    - PureLayout

EXTERNAL SOURCES:
  esys_flutter_share:
    :path: ".symlinks/plugins/esys_flutter_share/ios"
  facebook_app_events:
    :path: ".symlinks/plugins/facebook_app_events/ios"
  firebase_admob:
    :path: ".symlinks/plugins/firebase_admob/ios"
  firebase_core:
    :path: ".symlinks/plugins/firebase_core/ios"
  Flutter:
    :path: Flutter
  flutter_native_admob:
    :path: ".symlinks/plugins/flutter_native_admob/ios"
  fluttertoast:
    :path: ".symlinks/plugins/fluttertoast/ios"
  image_gallery_saver:
    :path: ".symlinks/plugins/image_gallery_saver/ios"
  image_picker:
    :path: ".symlinks/plugins/image_picker/ios"
  image_picker_saver:
    :path: ".symlinks/plugins/image_picker_saver/ios"
  path_provider:
    :path: ".symlinks/plugins/path_provider/ios"
  permission_handler:
    :path: ".symlinks/plugins/permission_handler/ios"
  share:
    :path: ".symlinks/plugins/share/ios"
  sqflite:
    :path: ".symlinks/plugins/sqflite/ios"
  url_launcher:
    :path: ".symlinks/plugins/url_launcher/ios"

SPEC CHECKSUMS:
  esys_flutter_share: 403498dab005b36ce1f8d7aff377e81f0621b0b4
  facebook_app_events: 0c8e2fde64821b3122f5fff3574d072dee8083d8
  FBSDKCoreKit: 1d5acf7c9d7a2f92bb1a242dc60cae5b7adb91df
  Firebase: 5719b4f965f76643241a1bb8244483ff6117db39
  firebase_admob: d8c2bc95b5e0069406280ce6adb816cdee6aa595
  firebase_core: 335c02abd48672b7c83c683df833d0488a72e73e
  FirebaseAnalytics: 93565f3f0f0f50a5d8770850bfe6a82eaba5db27
  FirebaseCore: 6023faeada5afa95a349fccafb40900e32e9ac42
  FirebaseCoreDiagnostics: 4a773a47bd83bbd5a9b1ccf1ce7caa8b2d535e67
  FirebaseCoreDiagnosticsInterop: 296e2c5f5314500a850ad0b83e9e7c10b011a850
  FirebaseInstallations: 2119fb3e46b0a88bfdbf12562f855ee3252462fa
  Flutter: 0e3d915762c693b495b44d77113d4970485de6ec
  flutter_native_admob: 384f39f8b8dc0a96624c7cfa4cd255205e7c3da5
  fluttertoast: b644586ef3b16f67fae9a1f8754cef6b2d6b634b
  FMDB: 2ce00b547f966261cd18927a3ddb07cb6f3db82a
  Google-Mobile-Ads-SDK: d70efb31e7ea19fe99d466dc5d4788966b6914f8
  GoogleAppMeasurement: 137afe68bfa406c3f4221b9395253d9e5d4654cf
  GoogleDataTransport: ad884314b81cdb808fb1d23787b367ff8da4e28a
  GoogleDataTransportCCTSupport: d70a561f7d236af529fee598835caad5e25f6d3d
  GoogleUtilities: 39530bc0ad980530298e9c4af8549e991fd033b1
  image_gallery_saver: 259eab68fb271cfd57d599904f7acdc7832e7ef2
  image_picker: 9c3312491f862b28d21ecd8fdf0ee14e601b3f09
  image_picker_saver: 4f28bd70e1efdca68ad88beab0f11d22cffe04f6
  nanopb: c43f40fadfe79e8b8db116583945847910cbabc9
  path_provider: abfe2b5c733d04e238b0d8691db0cfd63a27a93c
  permission_handler: eac8e15b4a1a3fba55b761d19f3f4e6b005d15b6
  PromisesObjC: c119f3cd559f50b7ae681fa59dc1acd19173b7e6
  PureLayout: bd3c4ec3a3819ad387c99ebb72c6b129c3ed4d2d
  share: 0b2c3e82132f5888bccca3351c504d0003b3b410
  sqflite: 4001a31ff81d210346b500c55b17f4d6c7589dd0
  url_launcher: 6fef411d543ceb26efce54b05a0a40bfd74cbbef

PODFILE CHECKSUM: a75497545d4391e2d394c3668e20cfb1c2bbd4aa

COCOAPODS: 1.9.3
